
Microsoft Visual Studio Solution File, Format Version 12.00
# Visual Studio Version 16
VisualStudioVersion = 16.0.32228.343
MinimumVisualStudioVersion = 10.0.40219.1
Project("{FAE04EC0-301F-11D3-BF4B-00C04F79EFBC}") = "EjnerHesselCodeCase", "EjnerHesselCodeCase\EjnerHesselCodeCase.csproj", "{67D03DB8-FD0C-4428-92A9-D33BE9D0D892}"
EndProject
Project("{FAE04EC0-301F-11D3-BF4B-00C04F79EFBC}") = "EjnerHesselCodeCase.Service", "EjnerHesselCodeCase.Service\EjnerHesselCodeCase.Service.csproj", "{F2410D87-FF07-4770-9741-5FAF67DECD97}"
EndProject
Global
	GlobalSection(SolutionConfigurationPlatforms) = preSolution
		Debug|Any CPU = Debug|Any CPU
		Release|Any CPU = Release|Any CPU
	EndGlobalSection
	GlobalSection(ProjectConfigurationPlatforms) = postSolution
		{67D03DB8-FD0C-4428-92A9-D33BE9D0D892}.Debug|Any CPU.ActiveCfg = Debug|Any CPU
		{67D03DB8-FD0C-4428-92A9-D33BE9D0D892}.Debug|Any CPU.Build.0 = Debug|Any CPU
		{67D03DB8-FD0C-4428-92A9-D33BE9D0D892}.Release|Any CPU.ActiveCfg = Release|Any CPU
		{67D03DB8-FD0C-4428-92A9-D33BE9D0D892}.Release|Any CPU.Build.0 = Release|Any CPU
		{F2410D87-FF07-4770-9741-5FAF67DECD97}.Debug|Any CPU.ActiveCfg = Debug|Any CPU
		{F2410D87-FF07-4770-9741-5FAF67DECD97}.Debug|Any CPU.Build.0 = Debug|Any CPU
		{F2410D87-FF07-4770-9741-5FAF67DECD97}.Release|Any CPU.ActiveCfg = Release|Any CPU
		{F2410D87-FF07-4770-9741-5FAF67DECD97}.Release|Any CPU.Build.0 = Release|Any CPU
	EndGlobalSection
	GlobalSection(SolutionProperties) = preSolution
		HideSolutionNode = FALSE
	EndGlobalSection
	GlobalSection(ExtensibilityGlobals) = postSolution
		SolutionGuid = {F8C0DEA3-A93B-41C7-A30B-9CD03C3D669B}
	EndGlobalSection
EndGlobal
